{
  "name": "blank",
  "lockfileVersion": 3,
  "requires": true,
  "packages": {
    "": {
      "dependencies": {
        "@visactor/lark-vchart": "^1.12.12"
      }
    },
    "node_modules/@visactor/lark-vchart": {
      "version": "1.12.12",
      "resolved": "https://registry.npmjs.org/@visactor/lark-vchart/-/lark-vchart-1.12.12.tgz",
      "integrity": "sha512-dXitgS7RwMmiiy+hvD+c9U2pImJdDJ/Z0x2bijR2tgySwFFLWjxU0WUPkYA562zmWAN2IcsMrovvQe+kNSa7KQ=="
    }
  }
}
